<?xml version="1.0" encoding="utf-8"?>
<Project ToolsVersion="4.0" xmlns="http://schemas.microsoft.com/developer/msbuild/2003">
  <ItemGroup>
    <Filter Include="Source Files">
      <UniqueIdentifier>{4FC737F1-C7A5-4376-A066-2A32D752A2FF}</UniqueIdentifier>
      <Extensions>cpp;c;cc;cxx;def;odl;idl;hpj;bat;asm;asmx</Extensions>
    </Filter>
    <Filter Include="Header Files">
      <UniqueIdentifier>{93995380-89BD-4b04-88EB-625FBE52EBFB}</UniqueIdentifier>
      <Extensions>h;hh;hpp;hxx;hm;inl;inc;xsd</Extensions>
    </Filter>
    <Filter Include="Resource Files">
      <UniqueIdentifier>{67DA6AB6-F800-4c08-8B7A-83BB121AAD01}</UniqueIdentifier>
      <Extensions>rc;ico;cur;bmp;dlg;rc2;rct;bin;rgs;gif;jpg;jpeg;jpe;resx;tiff;tif;png;wav;mfcribbon-ms</Extensions>
    </Filter>
  </ItemGroup>
  <ItemGroup>
    <ClCompile Include="MyForm.cpp">
      <Filter>Source Files</Filter>
    </ClCompile>
    <ClCompile Include="Login.cpp">
      <Filter>Header Files</Filter>
    </ClCompile>
    <ClCompile Include="MS.cpp">
      <Filter>Header Files</Filter>
    </ClCompile>
    <ClCompile Include="QLbook.cpp">
      <Filter>Header Files</Filter>
    </ClCompile>
    <ClCompile Include="QL_users.cpp">
      <Filter>Header Files</Filter>
    </ClCompile>
    <ClCompile Include="Find.cpp">
      <Filter>Header Files</Filter>
    </ClCompile>
    <ClCompile Include="Account.cpp">
      <Filter>Source Files</Filter>
    </ClCompile>
    <ClCompile Include="Help_tk.cpp">
      <Filter>Source Files</Filter>
    </ClCompile>
    <ClCompile Include="NhaXuatBan.cpp">
      <Filter>Source Files</Filter>
    </ClCompile>
    <ClCompile Include="VT_Account.cpp">
      <Filter>Source Files</Filter>
    </ClCompile>
    <ClCompile Include="Sach.cpp">
      <Filter>Source Files</Filter>
    </ClCompile>
    <ClCompile Include="QuanLi_Sach.cpp">
      <Filter>Source Files</Filter>
    </ClCompile>
    <ClCompile Include="QLGive.cpp">
      <Filter>Header Files</Filter>
    </ClCompile>
    <ClCompile Include="Date.cpp">
      <Filter>Source Files</Filter>
    </ClCompile>
    <ClCompile Include="MuonTra.cpp">
      <Filter>Source Files</Filter>
    </ClCompile>
    <ClCompile Include="PhieuMuonTra.cpp">
      <Filter>Source Files</Filter>
    </ClCompile>
    <ClCompile Include="Sign_up.cpp">
      <Filter>Header Files</Filter>
    </ClCompile>
    <ClCompile Include="QuanLiDocGia.cpp">
      <Filter>Source Files</Filter>
    </ClCompile>
    <ClCompile Include="DocGia.cpp">
      <Filter>Source Files</Filter>
    </ClCompile>
    <ClCompile Include="TemplateOfObject.cpp">
      <Filter>Source Files</Filter>
    </ClCompile>
    <ClCompile Include="address.cpp">
      <Filter>Source Files</Filter>
    </ClCompile>
  </ItemGroup>
  <ItemGroup>
    <ClInclude Include="MyForm.h">
      <Filter>Header Files</Filter>
    </ClInclude>
    <ClInclude Include="Login.h">
      <Filter>Header Files</Filter>
    </ClInclude>
    <ClInclude Include="MS.h">
      <Filter>Header Files</Filter>
    </ClInclude>
    <ClInclude Include="QLbook.h">
      <Filter>Header Files</Filter>
    </ClInclude>
    <ClInclude Include="QL_users.h">
      <Filter>Header Files</Filter>
    </ClInclude>
    <ClInclude Include="Find.h">
      <Filter>Header Files</Filter>
    </ClInclude>
    <ClInclude Include="Account.h">
      <Filter>Header Files</Filter>
    </ClInclude>
    <ClInclude Include="NhaXuatBan.h">
      <Filter>Header Files</Filter>
    </ClInclude>
    <ClInclude Include="Sach.h">
      <Filter>Header Files</Filter>
    </ClInclude>
    <ClInclude Include="QuanLi_Sach.h">
      <Filter>Header Files</Filter>
    </ClInclude>
    <ClInclude Include="VT_Account.h">
      <Filter>Header Files</Filter>
    </ClInclude>
    <ClInclude Include="stdafx.h">
      <Filter>Header Files</Filter>
    </ClInclude>
    <ClInclude Include="Help_tk.h">
      <Filter>Header Files</Filter>
    </ClInclude>
    <ClInclude Include="QLGive.h">
      <Filter>Header Files</Filter>
    </ClInclude>
    <ClInclude Include="Date.h">
      <Filter>Header Files</Filter>
    </ClInclude>
    <ClInclude Include="PhieuMuonTra.h">
      <Filter>Header Files</Filter>
    </ClInclude>
    <ClInclude Include="MuonTra.h">
      <Filter>Header Files</Filter>
    </ClInclude>
    <ClInclude Include="Sign_up.h">
      <Filter>Header Files</Filter>
    </ClInclude>
    <ClInclude Include="QuanLiDocGia.h">
      <Filter>Header Files</Filter>
    </ClInclude>
    <ClInclude Include="DocGia.h">
      <Filter>Header Files</Filter>
    </ClInclude>
    <ClInclude Include="TemplateOfObject.h">
      <Filter>Header Files</Filter>
    </ClInclude>
    <ClInclude Include="address.h">
      <Filter>Header Files</Filter>
    </ClInclude>
  </ItemGroup>
  <ItemGroup>
    <Text Include="account_tk.txt">
      <Filter>Resource Files</Filter>
    </Text>
    <Text Include="AccountSelect_tt.txt">
      <Filter>Resource Files</Filter>
    </Text>
    <Text Include="GhiFileSach.txt">
      <Filter>Resource Files</Filter>
    </Text>
    <Text Include="NXB.txt">
      <Filter>Resource Files</Filter>
    </Text>
    <Text Include="Sach.txt">
      <Filter>Resource Files</Filter>
    </Text>
    <Text Include="FileGive.txt">
      <Filter>Resource Files</Filter>
    </Text>
    <Text Include="FileReturn.txt">
      <Filter>Resource Files</Filter>
    </Text>
  </ItemGroup>
  <ItemGroup>
    <EmbeddedResource Include="Login.resx">
      <Filter>Resource Files</Filter>
    </EmbeddedResource>
    <EmbeddedResource Include="MyForm.resx">
      <Filter>Resource Files</Filter>
    </EmbeddedResource>
    <EmbeddedResource Include="QLbook.resx">
      <Filter>Resource Files</Filter>
    </EmbeddedResource>
    <EmbeddedResource Include="Find.resx">
      <Filter>Resource Files</Filter>
    </EmbeddedResource>
    <EmbeddedResource Include="MS.resx">
      <Filter>Resource Files</Filter>
    </EmbeddedResource>
    <EmbeddedResource Include="QLGive.resx">
      <Filter>Resource Files</Filter>
    </EmbeddedResource>
    <EmbeddedResource Include="QL_users.resx">
      <Filter>Resource Files</Filter>
    </EmbeddedResource>
    <EmbeddedResource Include="Sign_up.resx">
      <Filter>Resource Files</Filter>
    </EmbeddedResource>
  </ItemGroup>
</Project>